{
  "version": 4,
  "terraform_version": "1.9.8",
  "serial": 6,
  "lineage": "00c1da7b-0979-0bb6-2d19-10f917377a24",
  "outputs": {},
  "resources": [
    {
      "mode": "managed",
      "type": "docker_image",
      "name": "ml_model_image",
      "provider": "provider[\"registry.terraform.io/kreuzwerker/docker\"]",
      "instances": [
        {
          "schema_version": 0,
          "attributes": {
            "build": [
              {
                "build_arg": {},
                "dockerfile": "Dockerfile",
                "force_remove": false,
                "label": {},
                "no_cache": false,
                "path": "../src/",
                "remove": true,
                "tag": [],
                "target": ""
              }
            ],
            "force_remove": null,
            "id": "sha256:cd5318d61e03955e3d1aae2f5596de7644c38ce1d26ccada9ff8a8b4686e209dml-model",
            "image_id": "sha256:cd5318d61e03955e3d1aae2f5596de7644c38ce1d26ccada9ff8a8b4686e209d",
            "keep_locally": null,
            "latest": "sha256:cd5318d61e03955e3d1aae2f5596de7644c38ce1d26ccada9ff8a8b4686e209d",
            "name": "ml-model",
            "output": null,
            "pull_trigger": null,
            "pull_triggers": null,
            "repo_digest": "",
            "triggers": null
          },
          "sensitive_attributes": [],
          "private": "bnVsbA=="
        }
      ]
    }
  ],
  "check_results": null
}
